// !$*UTF8*$!
{
	archiveVersion = 1;
	classes = {
	};
	objectVersion = 56;
	objects = {

/* Begin PBXBuildFile section */
		3756957329A6886D003E8582 /* AppDelegate.swift in Sources */ = {isa = PBXBuildFile; fileRef = 3756957229A6886D003E8582 /* AppDelegate.swift */; };
		3756957529A6886D003E8582 /* SceneDelegate.swift in Sources */ = {isa = PBXBuildFile; fileRef = 3756957429A6886D003E8582 /* SceneDelegate.swift */; };
		3756957729A6886D003E8582 /* ViewController.swift in Sources */ = {isa = PBXBuildFile; fileRef = 3756957629A6886D003E8582 /* ViewController.swift */; };
		3756957A29A6886D003E8582 /* Main.storyboard in Resources */ = {isa = PBXBuildFile; fileRef = 3756957829A6886D003E8582 /* Main.storyboard */; };
		3756957C29A6886E003E8582 /* Assets.xcassets in Resources */ = {isa = PBXBuildFile; fileRef = 3756957B29A6886E003E8582 /* Assets.xcassets */; };
		3756957F29A6886E003E8582 /* LaunchScreen.storyboard in Resources */ = {isa = PBXBuildFile; fileRef = 3756957D29A6886E003E8582 /* LaunchScreen.storyboard */; };
		3756958A29A6886E003E8582 /* BlueMedia_Recruitment_Task_iOSTests.swift in Sources */ = {isa = PBXBuildFile; fileRef = 3756958929A6886E003E8582 /* BlueMedia_Recruitment_Task_iOSTests.swift */; };
		3756959429A6886E003E8582 /* BlueMedia_Recruitment_Task_iOSUITests.swift in Sources */ = {isa = PBXBuildFile; fileRef = 3756959329A6886E003E8582 /* BlueMedia_Recruitment_Task_iOSUITests.swift */; };
		3756959629A6886E003E8582 /* BlueMedia_Recruitment_Task_iOSUITestsLaunchTests.swift in Sources */ = {isa = PBXBuildFile; fileRef = 3756959529A6886E003E8582 /* BlueMedia_Recruitment_Task_iOSUITestsLaunchTests.swift */; };
/* End PBXBuildFile section */

/* Begin PBXContainerItemProxy section */
		3756958629A6886E003E8582 /* PBXContainerItemProxy */ = {
			isa = PBXContainerItemProxy;
			containerPortal = 3756956729A6886D003E8582 /* Project object */;
			proxyType = 1;
			remoteGlobalIDString = 3756956E29A6886D003E8582;
			remoteInfo = "BlueMedia Recruitment Task iOS";
		};
		3756959029A6886E003E8582 /* PBXContainerItemProxy */ = {
			isa = PBXContainerItemProxy;
			containerPortal = 3756956729A6886D003E8582 /* Project object */;
			proxyType = 1;
			remoteGlobalIDString = 3756956E29A6886D003E8582;
			remoteInfo = "BlueMedia Recruitment Task iOS";
		};
/* End PBXContainerItemProxy section */

/* Begin PBXFileReference section */
		3756956F29A6886D003E8582 /* BlueMedia Recruitment Task iOS.app */ = {isa = PBXFileReference; explicitFileType = wrapper.application; includeInIndex = 0; path = "BlueMedia Recruitment Task iOS.app"; sourceTree = BUILT_PRODUCTS_DIR; };
		3756957229A6886D003E8582 /* AppDelegate.swift */ = {isa = PBXFileReference; lastKnownFileType = sourcecode.swift; path = AppDelegate.swift; sourceTree = "<group>"; };
		3756957429A6886D003E8582 /* SceneDelegate.swift */ = {isa = PBXFileReference; lastKnownFileType = sourcecode.swift; path = SceneDelegate.swift; sourceTree = "<group>"; };
		3756957629A6886D003E8582 /* ViewController.swift */ = {isa = PBXFileReference; lastKnownFileType = sourcecode.swift; path = ViewController.swift; sourceTree = "<group>"; };
		3756957929A6886D003E8582 /* Base */ = {isa = PBXFileReference; lastKnownFileType = file.storyboard; name = Base; path = Base.lproj/Main.storyboard; sourceTree = "<group>"; };
		3756957B29A6886E003E8582 /* Assets.xcassets */ = {isa = PBXFileReference; lastKnownFileType = folder.assetcatalog; path = Assets.xcassets; sourceTree = "<group>"; };
		3756957E29A6886E003E8582 /* Base */ = {isa = PBXFileReference; lastKnownFileType = file.storyboard; name = Base; path = Base.lproj/LaunchScreen.storyboard; sourceTree = "<group>"; };
		3756958029A6886E003E8582 /* Info.plist */ = {isa = PBXFileReference; lastKnownFileType = text.plist.xml; path = Info.plist; sourceTree = "<group>"; };
		3756958529A6886E003E8582 /* BlueMedia Recruitment Task iOSTests.xctest */ = {isa = PBXFileReference; explicitFileType = wrapper.cfbundle; includeInIndex = 0; path = "BlueMedia Recruitment Task iOSTests.xctest"; sourceTree = BUILT_PRODUCTS_DIR; };
		3756958929A6886E003E8582 /* BlueMedia_Recruitment_Task_iOSTests.swift */ = {isa = PBXFileReference; lastKnownFileType = sourcecode.swift; path = BlueMedia_Recruitment_Task_iOSTests.swift; sourceTree = "<group>"; };
		3756958F29A6886E003E8582 /* BlueMedia Recruitment Task iOSUITests.xctest */ = {isa = PBXFileReference; explicitFileType = wrapper.cfbundle; includeInIndex = 0; path = "BlueMedia Recruitment Task iOSUITests.xctest"; sourceTree = BUILT_PRODUCTS_DIR; };
		3756959329A6886E003E8582 /* BlueMedia_Recruitment_Task_iOSUITests.swift */ = {isa = PBXFileReference; lastKnownFileType = sourcecode.swift; path = BlueMedia_Recruitment_Task_iOSUITests.swift; sourceTree = "<group>"; };
		3756959529A6886E003E8582 /* BlueMedia_Recruitment_Task_iOSUITestsLaunchTests.swift */ = {isa = PBXFileReference; lastKnownFileType = sourcecode.swift; path = BlueMedia_Recruitment_Task_iOSUITestsLaunchTests.swift; sourceTree = "<group>"; };
/* End PBXFileReference section */

/* Begin PBXFrameworksBuildPhase section */
		3756956C29A6886D003E8582 /* Frameworks */ = {
			isa = PBXFrameworksBuildPhase;
			buildActionMask = 2147483647;
			files = (
			);
			runOnlyForDeploymentPostprocessing = 0;
		};
		3756958229A6886E003E8582 /* Frameworks */ = {
			isa = PBXFrameworksBuildPhase;
			buildActionMask = 2147483647;
			files = (
			);
			runOnlyForDeploymentPostprocessing = 0;
		};
		3756958C29A6886E003E8582 /* Frameworks */ = {
			isa = PBXFrameworksBuildPhase;
			buildActionMask = 2147483647;
			files = (
			);
			runOnlyForDeploymentPostprocessing = 0;
		};
/* End PBXFrameworksBuildPhase section */

/* Begin PBXGroup section */
		3756956629A6886D003E8582 = {
			isa = PBXGroup;
			children = (
				3756957129A6886D003E8582 /* BlueMedia Recruitment Task iOS */,
				3756958829A6886E003E8582 /* BlueMedia Recruitment Task iOSTests */,
				3756959229A6886E003E8582 /* BlueMedia Recruitment Task iOSUITests */,
				3756957029A6886D003E8582 /* Products */,
			);
			sourceTree = "<group>";
		};
		3756957029A6886D003E8582 /* Products */ = {
			isa = PBXGroup;
			children = (
				3756956F29A6886D003E8582 /* BlueMedia Recruitment Task iOS.app */,
				3756958529A6886E003E8582 /* BlueMedia Recruitment Task iOSTests.xctest */,
				3756958F29A6886E003E8582 /* BlueMedia Recruitment Task iOSUITests.xctest */,
			);
			name = Products;
			sourceTree = "<group>";
		};
		3756957129A6886D003E8582 /* BlueMedia Recruitment Task iOS */ = {
			isa = PBXGroup;
			children = (
				3756957229A6886D003E8582 /* AppDelegate.swift */,
				3756957429A6886D003E8582 /* SceneDelegate.swift */,
				3756957629A6886D003E8582 /* ViewController.swift */,
				3756957829A6886D003E8582 /* Main.storyboard */,
				3756957B29A6886E003E8582 /* Assets.xcassets */,
				3756957D29A6886E003E8582 /* LaunchScreen.storyboard */,
				3756958029A6886E003E8582 /* Info.plist */,
			);
			path = "BlueMedia Recruitment Task iOS";
			sourceTree = "<group>";
		};
		3756958829A6886E003E8582 /* BlueMedia Recruitment Task iOSTests */ = {
			isa = PBXGroup;
			children = (
				3756958929A6886E003E8582 /* BlueMedia_Recruitment_Task_iOSTests.swift */,
			);
			path = "BlueMedia Recruitment Task iOSTests";
			sourceTree = "<group>";
		};
		3756959229A6886E003E8582 /* BlueMedia Recruitment Task iOSUITests */ = {
			isa = PBXGroup;
			children = (
				3756959329A6886E003E8582 /* BlueMedia_Recruitment_Task_iOSUITests.swift */,
				3756959529A6886E003E8582 /* BlueMedia_Recruitment_Task_iOSUITestsLaunchTests.swift */,
			);
			path = "BlueMedia Recruitment Task iOSUITests";
			sourceTree = "<group>";
		};
/* End PBXGroup section */

/* Begin PBXNativeTarget section */
		3756956E29A6886D003E8582 /* BlueMedia Recruitment Task iOS */ = {
			isa = PBXNativeTarget;
			buildConfigurationList = 3756959929A6886E003E8582 /* Build configuration list for PBXNativeTarget "BlueMedia Recruitment Task iOS" */;
			buildPhases = (
				3756956B29A6886D003E8582 /* Sources */,
				3756956C29A6886D003E8582 /* Frameworks */,
				3756956D29A6886D003E8582 /* Resources */,
			);
			buildRules = (
			);
			dependencies = (
			);
			name = "BlueMedia Recruitment Task iOS";
			productName = "BlueMedia Recruitment Task iOS";
			productReference = 3756956F29A6886D003E8582 /* BlueMedia Recruitment Task iOS.app */;
			productType = "com.apple.product-type.application";
		};
		3756958429A6886E003E8582 /* BlueMedia Recruitment Task iOSTests */ = {
			isa = PBXNativeTarget;
			buildConfigurationList = 3756959C29A6886E003E8582 /* Build configuration list for PBXNativeTarget "BlueMedia Recruitment Task iOSTests" */;
			buildPhases = (
				3756958129A6886E003E8582 /* Sources */,
				3756958229A6886E003E8582 /* Frameworks */,
				3756958329A6886E003E8582 /* Resources */,
			);
			buildRules = (
			);
			dependencies = (
				3756958729A6886E003E8582 /* PBXTargetDependency */,
			);
			name = "BlueMedia Recruitment Task iOSTests";
			productName = "BlueMedia Recruitment Task iOSTests";
			productReference = 3756958529A6886E003E8582 /* BlueMedia Recruitment Task iOSTests.xctest */;
			productType = "com.apple.product-type.bundle.unit-test";
		};
		3756958E29A6886E003E8582 /* BlueMedia Recruitment Task iOSUITests */ = {
			isa = PBXNativeTarget;
			buildConfigurationList = 3756959F29A6886E003E8582 /* Build configuration list for PBXNativeTarget "BlueMedia Recruitment Task iOSUITests" */;
			buildPhases = (
				3756958B29A6886E003E8582 /* Sources */,
				3756958C29A6886E003E8582 /* Frameworks */,
				3756958D29A6886E003E8582 /* Resources */,
			);
			buildRules = (
			);
			dependencies = (
				3756959129A6886E003E8582 /* PBXTargetDependency */,
			);
			name = "BlueMedia Recruitment Task iOSUITests";
			productName = "BlueMedia Recruitment Task iOSUITests";
			productReference = 3756958F29A6886E003E8582 /* BlueMedia Recruitment Task iOSUITests.xctest */;
			productType = "com.apple.product-type.bundle.ui-testing";
		};
/* End PBXNativeTarget section */

/* Begin PBXProject section */
		3756956729A6886D003E8582 /* Project object */ = {
			isa = PBXProject;
			attributes = {
				BuildIndependentTargetsInParallel = 1;
				LastSwiftUpdateCheck = 1410;
				LastUpgradeCheck = 1410;
				TargetAttributes = {
					3756956E29A6886D003E8582 = {
						CreatedOnToolsVersion = 14.1;
					};
					3756958429A6886E003E8582 = {
						CreatedOnToolsVersion = 14.1;
						TestTargetID = 3756956E29A6886D003E8582;
					};
					3756958E29A6886E003E8582 = {
						CreatedOnToolsVersion = 14.1;
						TestTargetID = 3756956E29A6886D003E8582;
					};
				};
			};
			buildConfigurationList = 3756956A29A6886D003E8582 /* Build configuration list for PBXProject "BlueMedia Recruitment Task iOS" */;
			compatibilityVersion = "Xcode 14.0";
			developmentRegion = en;
			hasScannedForEncodings = 0;
			knownRegions = (
				en,
				Base,
			);
			mainGroup = 3756956629A6886D003E8582;
			productRefGroup = 3756957029A6886D003E8582 /* Products */;
			projectDirPath = "";
			projectRoot = "";
			targets = (
				3756956E29A6886D003E8582 /* BlueMedia Recruitment Task iOS */,
				3756958429A6886E003E8582 /* BlueMedia Recruitment Task iOSTests */,
				3756958E29A6886E003E8582 /* BlueMedia Recruitment Task iOSUITests */,
			);
		};
/* End PBXProject section */

/* Begin PBXResourcesBuildPhase section */
		3756956D29A6886D003E8582 /* Resources */ = {
			isa = PBXResourcesBuildPhase;
			buildActionMask = 2147483647;
			files = (
				3756957F29A6886E003E8582 /* LaunchScreen.storyboard in Resources */,
				3756957C29A6886E003E8582 /* Assets.xcassets in Resources */,
				3756957A29A6886D003E8582 /* Main.storyboard in Resources */,
			);
			runOnlyForDeploymentPostprocessing = 0;
		};
		3756958329A6886E003E8582 /* Resources */ = {
			isa = PBXResourcesBuildPhase;
			buildActionMask = 2147483647;
			files = (
			);
			runOnlyForDeploymentPostprocessing = 0;
		};
		3756958D29A6886E003E8582 /* Resources */ = {
			isa = PBXResourcesBuildPhase;
			buildActionMask = 2147483647;
			files = (
			);
			runOnlyForDeploymentPostprocessing = 0;
		};
/* End PBXResourcesBuildPhase section */

/* Begin PBXSourcesBuildPhase section */
		3756956B29A6886D003E8582 /* Sources */ = {
			isa = PBXSourcesBuildPhase;
			buildActionMask = 2147483647;
			files = (
				3756957729A6886D003E8582 /* ViewController.swift in Sources */,
				3756957329A6886D003E8582 /* AppDelegate.swift in Sources */,
				3756957529A6886D003E8582 /* SceneDelegate.swift in Sources */,
			);
			runOnlyForDeploymentPostprocessing = 0;
		};
		3756958129A6886E003E8582 /* Sources */ = {
			isa = PBXSourcesBuildPhase;
			buildActionMask = 2147483647;
			files = (
				3756958A29A6886E003E8582 /* BlueMedia_Recruitment_Task_iOSTests.swift in Sources */,
			);
			runOnlyForDeploymentPostprocessing = 0;
		};
		3756958B29A6886E003E8582 /* Sources */ = {
			isa = PBXSourcesBuildPhase;
			buildActionMask = 2147483647;
			files = (
				3756959429A6886E003E8582 /* BlueMedia_Recruitment_Task_iOSUITests.swift in Sources */,
				3756959629A6886E003E8582 /* BlueMedia_Recruitment_Task_iOSUITestsLaunchTests.swift in Sources */,
			);
			runOnlyForDeploymentPostprocessing = 0;
		};
/* End PBXSourcesBuildPhase section */

/* Begin PBXTargetDependency section */
		3756958729A6886E003E8582 /* PBXTargetDependency */ = {
			isa = PBXTargetDependency;
			target = 3756956E29A6886D003E8582 /* BlueMedia Recruitment Task iOS */;
			targetProxy = 3756958629A6886E003E8582 /* PBXContainerItemProxy */;
		};
		3756959129A6886E003E8582 /* PBXTargetDependency */ = {
			isa = PBXTargetDependency;
			target = 3756956E29A6886D003E8582 /* BlueMedia Recruitment Task iOS */;
			targetProxy = 3756959029A6886E003E8582 /* PBXContainerItemProxy */;
		};
/* End PBXTargetDependency section */

/* Begin PBXVariantGroup section */
		3756957829A6886D003E8582 /* Main.storyboard */ = {
			isa = PBXVariantGroup;
			children = (
				3756957929A6886D003E8582 /* Base */,
			);
			name = Main.storyboard;
			sourceTree = "<group>";
		};
		3756957D29A6886E003E8582 /* LaunchScreen.storyboard */ = {
			isa = PBXVariantGroup;
			children = (
				3756957E29A6886E003E8582 /* Base */,
			);
			name = LaunchScreen.storyboard;
			sourceTree = "<group>";
		};
/* End PBXVariantGroup section */

/* Begin XCBuildConfiguration section */
		3756959729A6886E003E8582 /* Debug */ = {
			isa = XCBuildConfiguration;
			buildSettings = {
				ALWAYS_SEARCH_USER_PATHS = NO;
				CLANG_ANALYZER_NONNULL = YES;
				CLANG_ANALYZER_NUMBER_OBJECT_CONVERSION = YES_AGGRESSIVE;
				CLANG_CXX_LANGUAGE_STANDARD = "gnu++20";
				CLANG_ENABLE_MODULES = YES;
				CLANG_ENABLE_OBJC_ARC = YES;
				CLANG_ENABLE_OBJC_WEAK = YES;
				CLANG_WARN_BLOCK_CAPTURE_AUTORELEASING = YES;
				CLANG_WARN_BOOL_CONVERSION = YES;
				CLANG_WARN_COMMA = YES;
				CLANG_WARN_CONSTANT_CONVERSION = YES;
				CLANG_WARN_DEPRECATED_OBJC_IMPLEMENTATIONS = YES;
				CLANG_WARN_DIRECT_OBJC_ISA_USAGE = YES_ERROR;
				CLANG_WARN_DOCUMENTATION_COMMENTS = YES;
				CLANG_WARN_EMPTY_BODY = YES;
				CLANG_WARN_ENUM_CONVERSION = YES;
				CLANG_WARN_INFINITE_RECURSION = YES;
				CLANG_WARN_INT_CONVERSION = YES;
				CLANG_WARN_NON_LITERAL_NULL_CONVERSION = YES;
				CLANG_WARN_OBJC_IMPLICIT_RETAIN_SELF = YES;
				CLANG_WARN_OBJC_LITERAL_CONVERSION = YES;
				CLANG_WARN_OBJC_ROOT_CLASS = YES_ERROR;
				CLANG_WARN_QUOTED_INCLUDE_IN_FRAMEWORK_HEADER = YES;
				CLANG_WARN_RANGE_LOOP_ANALYSIS = YES;
				CLANG_WARN_STRICT_PROTOTYPES = YES;
				CLANG_WARN_SUSPICIOUS_MOVE = YES;
				CLANG_WARN_UNGUARDED_AVAILABILITY = YES_AGGRESSIVE;
				CLANG_WARN_UNREACHABLE_CODE = YES;
				CLANG_WARN__DUPLICATE_METHOD_MATCH = YES;
				COPY_PHASE_STRIP = NO;
				DEBUG_INFORMATION_FORMAT = dwarf;
				ENABLE_STRICT_OBJC_MSGSEND = YES;
				ENABLE_TESTABILITY = YES;
				GCC_C_LANGUAGE_STANDARD = gnu11;
				GCC_DYNAMIC_NO_PIC = NO;
				GCC_NO_COMMON_BLOCKS = YES;
				GCC_OPTIMIZATION_LEVEL = 0;
				GCC_PREPROCESSOR_DEFINITIONS = (
					"DEBUG=1",
					"$(inherited)",
				);
				GCC_WARN_64_TO_32_BIT_CONVERSION = YES;
				GCC_WARN_ABOUT_RETURN_TYPE = YES_ERROR;
				GCC_WARN_UNDECLARED_SELECTOR = YES;
				GCC_WARN_UNINITIALIZED_AUTOS = YES_AGGRESSIVE;
				GCC_WARN_UNUSED_FUNCTION = YES;
				GCC_WARN_UNUSED_VARIABLE = YES;
				IPHONEOS_DEPLOYMENT_TARGET = 16.1;
				MTL_ENABLE_DEBUG_INFO = INCLUDE_SOURCE;
				MTL_FAST_MATH = YES;
				ONLY_ACTIVE_ARCH = YES;
				SDKROOT = iphoneos;
				SWIFT_ACTIVE_COMPILATION_CONDITIONS = DEBUG;
				SWIFT_OPTIMIZATION_LEVEL = "-Onone";
			};
			name = Debug;
		};
		3756959829A6886E003E8582 /* Release */ = {
			isa = XCBuildConfiguration;
			buildSettings = {
				ALWAYS_SEARCH_USER_PATHS = NO;
				CLANG_ANALYZER_NONNULL = YES;
				CLANG_ANALYZER_NUMBER_OBJECT_CONVERSION = YES_AGGRESSIVE;
				CLANG_CXX_LANGUAGE_STANDARD = "gnu++20";
				CLANG_ENABLE_MODULES = YES;
				CLANG_ENABLE_OBJC_ARC = YES;
				CLANG_ENABLE_OBJC_WEAK = YES;
				CLANG_WARN_BLOCK_CAPTURE_AUTORELEASING = YES;
				CLANG_WARN_BOOL_CONVERSION = YES;
				CLANG_WARN_COMMA = YES;
				CLANG_WARN_CONSTANT_CONVERSION = YES;
				CLANG_WARN_DEPRECATED_OBJC_IMPLEMENTATIONS = YES;
				CLANG_WARN_DIRECT_OBJC_ISA_USAGE = YES_ERROR;
				CLANG_WARN_DOCUMENTATION_COMMENTS = YES;
				CLANG_WARN_EMPTY_BODY = YES;
				CLANG_WARN_ENUM_CONVERSION = YES;
				CLANG_WARN_INFINITE_RECURSION = YES;
				CLANG_WARN_INT_CONVERSION = YES;
				CLANG_WARN_NON_LITERAL_NULL_CONVERSION = YES;
				CLANG_WARN_OBJC_IMPLICIT_RETAIN_SELF = YES;
				CLANG_WARN_OBJC_LITERAL_CONVERSION = YES;
				CLANG_WARN_OBJC_ROOT_CLASS = YES_ERROR;
				CLANG_WARN_QUOTED_INCLUDE_IN_FRAMEWORK_HEADER = YES;
				CLANG_WARN_RANGE_LOOP_ANALYSIS = YES;
				CLANG_WARN_STRICT_PROTOTYPES = YES;
				CLANG_WARN_SUSPICIOUS_MOVE = YES;
				CLANG_WARN_UNGUARDED_AVAILABILITY = YES_AGGRESSIVE;
				CLANG_WARN_UNREACHABLE_CODE = YES;
				CLANG_WARN__DUPLICATE_METHOD_MATCH = YES;
				COPY_PHASE_STRIP = NO;
				DEBUG_INFORMATION_FORMAT = "dwarf-with-dsym";
				ENABLE_NS_ASSERTIONS = NO;
				ENABLE_STRICT_OBJC_MSGSEND = YES;
				GCC_C_LANGUAGE_STANDARD = gnu11;
				GCC_NO_COMMON_BLOCKS = YES;
				GCC_WARN_64_TO_32_BIT_CONVERSION = YES;
				GCC_WARN_ABOUT_RETURN_TYPE = YES_ERROR;
				GCC_WARN_UNDECLARED_SELECTOR = YES;
				GCC_WARN_UNINITIALIZED_AUTOS = YES_AGGRESSIVE;
				GCC_WARN_UNUSED_FUNCTION = YES;
				GCC_WARN_UNUSED_VARIABLE = YES;
				IPHONEOS_DEPLOYMENT_TARGET = 16.1;
				MTL_ENABLE_DEBUG_INFO = NO;
				MTL_FAST_MATH = YES;
				SDKROOT = iphoneos;
				SWIFT_COMPILATION_MODE = wholemodule;
				SWIFT_OPTIMIZATION_LEVEL = "-O";
				VALIDATE_PRODUCT = YES;
			};
			name = Release;
		};
		3756959A29A6886E003E8582 /* Debug */ = {
			isa = XCBuildConfiguration;
			buildSettings = {
				ASSETCATALOG_COMPILER_APPICON_NAME = AppIcon;
				ASSETCATALOG_COMPILER_GLOBAL_ACCENT_COLOR_NAME = AccentColor;
				CODE_SIGN_STYLE = Automatic;
				CURRENT_PROJECT_VERSION = 1;
				DEVELOPMENT_TEAM = 89QW759BWA;
				GENERATE_INFOPLIST_FILE = YES;
				INFOPLIST_FILE = "BlueMedia Recruitment Task iOS/Info.plist";
				INFOPLIST_KEY_UIApplicationSupportsIndirectInputEvents = YES;
				INFOPLIST_KEY_UILaunchStoryboardName = LaunchScreen;
				INFOPLIST_KEY_UIMainStoryboardFile = Main;
				INFOPLIST_KEY_UISupportedInterfaceOrientations_iPad = "UIInterfaceOrientationPortrait UIInterfaceOrientationPortraitUpsideDown UIInterfaceOrientationLandscapeLeft UIInterfaceOrientationLandscapeRight";
				INFOPLIST_KEY_UISupportedInterfaceOrientations_iPhone = "UIInterfaceOrientationPortrait UIInterfaceOrientationLandscapeLeft UIInterfaceOrientationLandscapeRight";
				LD_RUNPATH_SEARCH_PATHS = (
					"$(inherited)",
					"@executable_path/Frameworks",
				);
				MARKETING_VERSION = 1.0;
				PRODUCT_BUNDLE_IDENTIFIER = "FranciszekCzana.BlueMedia-Recruitment-Task-iOS";
				PRODUCT_NAME = "$(TARGET_NAME)";
				SWIFT_EMIT_LOC_STRINGS = YES;
				SWIFT_VERSION = 5.0;
				TARGETED_DEVICE_FAMILY = "1,2";
			};
			name = Debug;
		};
		3756959B29A6886E003E8582 /* Release */ = {
			isa = XCBuildConfiguration;
			buildSettings = {
				ASSETCATALOG_COMPILER_APPICON_NAME = AppIcon;
				ASSETCATALOG_COMPILER_GLOBAL_ACCENT_COLOR_NAME = AccentColor;
				CODE_SIGN_STYLE = Automatic;
				CURRENT_PROJECT_VERSION = 1;
				DEVELOPMENT_TEAM = 89QW759BWA;
				GENERATE_INFOPLIST_FILE = YES;
				INFOPLIST_FILE = "BlueMedia Recruitment Task iOS/Info.plist";
				INFOPLIST_KEY_UIApplicationSupportsIndirectInputEvents = YES;
				INFOPLIST_KEY_UILaunchStoryboardName = LaunchScreen;
				INFOPLIST_KEY_UIMainStoryboardFile = Main;
				INFOPLIST_KEY_UISupportedInterfaceOrientations_iPad = "UIInterfaceOrientationPortrait UIInterfaceOrientationPortraitUpsideDown UIInterfaceOrientationLandscapeLeft UIInterfaceOrientationLandscapeRight";
				INFOPLIST_KEY_UISupportedInterfaceOrientations_iPhone = "UIInterfaceOrientationPortrait UIInterfaceOrientationLandscapeLeft UIInterfaceOrientationLandscapeRight";
				LD_RUNPATH_SEARCH_PATHS = (
					"$(inherited)",
					"@executable_path/Frameworks",
				);
				MARKETING_VERSION = 1.0;
				PRODUCT_BUNDLE_IDENTIFIER = "FranciszekCzana.BlueMedia-Recruitment-Task-iOS";
				PRODUCT_NAME = "$(TARGET_NAME)";
				SWIFT_EMIT_LOC_STRINGS = YES;
				SWIFT_VERSION = 5.0;
				TARGETED_DEVICE_FAMILY = "1,2";
			};
			name = Release;
		};
		3756959D29A6886E003E8582 /* Debug */ = {
			isa = XCBuildConfiguration;
			buildSettings = {
				ALWAYS_EMBED_SWIFT_STANDARD_LIBRARIES = YES;
				BUNDLE_LOADER = "$(TEST_HOST)";
				CODE_SIGN_STYLE = Automatic;
				CURRENT_PROJECT_VERSION = 1;
				DEVELOPMENT_TEAM = 89QW759BWA;
				GENERATE_INFOPLIST_FILE = YES;
				IPHONEOS_DEPLOYMENT_TARGET = 16.1;
				MARKETING_VERSION = 1.0;
				PRODUCT_BUNDLE_IDENTIFIER = "FranciszekCzana.BlueMedia-Recruitment-Task-iOSTests";
				PRODUCT_NAME = "$(TARGET_NAME)";
				SWIFT_EMIT_LOC_STRINGS = NO;
				SWIFT_VERSION = 5.0;
				TARGETED_DEVICE_FAMILY = "1,2";
				TEST_HOST = "$(BUILT_PRODUCTS_DIR)/BlueMedia Recruitment Task iOS.app/$(BUNDLE_EXECUTABLE_FOLDER_PATH)/BlueMedia Recruitment Task iOS";
			};
			name = Debug;
		};
		3756959E29A6886E003E8582 /* Release */ = {
			isa = XCBuildConfiguration;
			buildSettings = {
				ALWAYS_EMBED_SWIFT_STANDARD_LIBRARIES = YES;
				BUNDLE_LOADER = "$(TEST_HOST)";
				CODE_SIGN_STYLE = Automatic;
				CURRENT_PROJECT_VERSION = 1;
				DEVELOPMENT_TEAM = 89QW759BWA;
				GENERATE_INFOPLIST_FILE = YES;
				IPHONEOS_DEPLOYMENT_TARGET = 16.1;
				MARKETING_VERSION = 1.0;
				PRODUCT_BUNDLE_IDENTIFIER = "FranciszekCzana.BlueMedia-Recruitment-Task-iOSTests";
				PRODUCT_NAME = "$(TARGET_NAME)";
				SWIFT_EMIT_LOC_STRINGS = NO;
				SWIFT_VERSION = 5.0;
				TARGETED_DEVICE_FAMILY = "1,2";
				TEST_HOST = "$(BUILT_PRODUCTS_DIR)/BlueMedia Recruitment Task iOS.app/$(BUNDLE_EXECUTABLE_FOLDER_PATH)/BlueMedia Recruitment Task iOS";
			};
			name = Release;
		};
		375695A029A6886E003E8582 /* Debug */ = {
			isa = XCBuildConfiguration;
			buildSettings = {
				ALWAYS_EMBED_SWIFT_STANDARD_LIBRARIES = YES;
				CODE_SIGN_STYLE = Automatic;
				CURRENT_PROJECT_VERSION = 1;
				DEVELOPMENT_TEAM = 89QW759BWA;
				GENERATE_INFOPLIST_FILE = YES;
				MARKETING_VERSION = 1.0;
				PRODUCT_BUNDLE_IDENTIFIER = "FranciszekCzana.BlueMedia-Recruitment-Task-iOSUITests";
				PRODUCT_NAME = "$(TARGET_NAME)";
				SWIFT_EMIT_LOC_STRINGS = NO;
				SWIFT_VERSION = 5.0;
				TARGETED_DEVICE_FAMILY = "1,2";
				TEST_TARGET_NAME = "BlueMedia Recruitment Task iOS";
			};
			name = Debug;
		};
		375695A129A6886E003E8582 /* Release */ = {
			isa = XCBuildConfiguration;
			buildSettings = {
				ALWAYS_EMBED_SWIFT_STANDARD_LIBRARIES = YES;
				CODE_SIGN_STYLE = Automatic;
				CURRENT_PROJECT_VERSION = 1;
				DEVELOPMENT_TEAM = 89QW759BWA;
				GENERATE_INFOPLIST_FILE = YES;
				MARKETING_VERSION = 1.0;
				PRODUCT_BUNDLE_IDENTIFIER = "FranciszekCzana.BlueMedia-Recruitment-Task-iOSUITests";
				PRODUCT_NAME = "$(TARGET_NAME)";
				SWIFT_EMIT_LOC_STRINGS = NO;
				SWIFT_VERSION = 5.0;
				TARGETED_DEVICE_FAMILY = "1,2";
				TEST_TARGET_NAME = "BlueMedia Recruitment Task iOS";
			};
			name = Release;
		};
/* End XCBuildConfiguration section */

/* Begin XCConfigurationList section */
		3756956A29A6886D003E8582 /* Build configuration list for PBXProject "BlueMedia Recruitment Task iOS" */ = {
			isa = XCConfigurationList;
			buildConfigurations = (
				3756959729A6886E003E8582 /* Debug */,
				3756959829A6886E003E8582 /* Release */,
			);
			defaultConfigurationIsVisible = 0;
			defaultConfigurationName = Release;
		};
		3756959929A6886E003E8582 /* Build configuration list for PBXNativeTarget "BlueMedia Recruitment Task iOS" */ = {
			isa = XCConfigurationList;
			buildConfigurations = (
				3756959A29A6886E003E8582 /* Debug */,
				3756959B29A6886E003E8582 /* Release */,
			);
			defaultConfigurationIsVisible = 0;
			defaultConfigurationName = Release;
		};
		3756959C29A6886E003E8582 /* Build configuration list for PBXNativeTarget "BlueMedia Recruitment Task iOSTests" */ = {
			isa = XCConfigurationList;
			buildConfigurations = (
				3756959D29A6886E003E8582 /* Debug */,
				3756959E29A6886E003E8582 /* Release */,
			);
			defaultConfigurationIsVisible = 0;
			defaultConfigurationName = Release;
		};
		3756959F29A6886E003E8582 /* Build configuration list for PBXNativeTarget "BlueMedia Recruitment Task iOSUITests" */ = {
			isa = XCConfigurationList;
			buildConfigurations = (
				375695A029A6886E003E8582 /* Debug */,
				375695A129A6886E003E8582 /* Release */,
			);
			defaultConfigurationIsVisible = 0;
			defaultConfigurationName = Release;
		};
/* End XCConfigurationList section */
	};
	rootObject = 3756956729A6886D003E8582 /* Project object */;
}
